{
  "version": 4,
  "terraform_version": "1.12.2",
  "serial": 49,
  "lineage": "337e1db7-440b-9599-6ed0-6bd284e64755",
  "outputs": {},
  "resources": [
    {
      "module": "module.chatbot_infra",
      "mode": "managed",
      "type": "azurerm_bot_service_azure_bot",
      "name": "main",
      "provider": "provider[\"registry.terraform.io/hashicorp/azurerm\"]",
      "instances": [
        {
          "schema_version": 0,
          "attributes": {
            "cmk_key_vault_key_url": "",
            "developer_app_insights_api_key": "",
            "developer_app_insights_application_id": "",
            "developer_app_insights_key": "",
            "display_name": "bot-iac-gpt-chatbot",
            "endpoint": "",
            "icon_url": "https://docs.botframework.com/static/devportal/client/images/bot-framework-default.png",
            "id": "/subscriptions/3c42098f-375b-47ae-9727-1b0014b0d232/resourceGroups/rg-iac-gpt-chatbot-new/providers/Microsoft.BotService/botServices/bot-iac-gpt-chatbot",
            "local_authentication_enabled": true,
            "location": "westus",
            "luis_app_ids": null,
            "luis_key": null,
            "microsoft_app_id": "c4b9ecf8-e649-4ed8-96a5-a8fcfce41eb1",
            "microsoft_app_msi_id": "",
            "microsoft_app_tenant_id": "",
            "microsoft_app_type": "",
            "name": "bot-iac-gpt-chatbot",
            "public_network_access_enabled": true,
            "resource_group_name": "rg-iac-gpt-chatbot-new",
            "sku": "F0",
            "streaming_endpoint_enabled": false,
            "tags": {
              "environment": "dev",
              "project": "iac-gpt-chatbot"
            },
            "timeouts": null
          },
          "sensitive_attributes": [
            [
              {
                "type": "get_attr",
                "value": "developer_app_insights_api_key"
              }
            ],
            [
              {
                "type": "get_attr",
                "value": "luis_key"
              }
            ]
          ],
          "identity_schema_version": 0,
          "private": "eyJlMmJmYjczMC1lY2FhLTExZTYtOGY4OC0zNDM2M2JjN2M0YzAiOnsiY3JlYXRlIjoxODAwMDAwMDAwMDAwLCJkZWxldGUiOjE4MDAwMDAwMDAwMDAsInJlYWQiOjMwMDAwMDAwMDAwMCwidXBkYXRlIjoxODAwMDAwMDAwMDAwfX0=",
          "dependencies": [
            "module.chatbot_infra.azurerm_service_plan.main",
            "module.chatbot_infra.azurerm_windows_web_app.main",
            "module.core_ai_services.azurerm_cognitive_account.openai",
            "module.resource_group.azurerm_resource_group.main",
            "module.security.azurerm_key_vault.main",
            "module.security.data.azurerm_client_config.current"
          ]
        }
      ]
    },
    {
      "module": "module.chatbot_infra",
      "mode": "managed",
      "type": "azurerm_service_plan",
      "name": "main",
      "provider": "provider[\"registry.terraform.io/hashicorp/azurerm\"]",
      "instances": [
        {
          "schema_version": 1,
          "attributes": {
            "app_service_environment_id": "",
            "id": "/subscriptions/3c42098f-375b-47ae-9727-1b0014b0d232/resourceGroups/rg-iac-gpt-chatbot-new/providers/Microsoft.Web/serverFarms/bot-iac-gpt-chatbot-plan",
            "kind": "app",
            "location": "westus",
            "maximum_elastic_worker_count": 1,
            "name": "bot-iac-gpt-chatbot-plan",
            "os_type": "Windows",
            "per_site_scaling_enabled": false,
            "reserved": false,
            "resource_group_name": "rg-iac-gpt-chatbot-new",
            "sku_name": "B1",
            "tags": {
              "environment": "dev",
              "project": "iac-gpt-chatbot"
            },
            "timeouts": null,
            "worker_count": 1,
            "zone_balancing_enabled": false
          },
          "sensitive_attributes": [],
          "identity_schema_version": 0,
          "private": "eyJlMmJmYjczMC1lY2FhLTExZTYtOGY4OC0zNDM2M2JjN2M0YzAiOnsiY3JlYXRlIjozNjAwMDAwMDAwMDAwLCJkZWxldGUiOjM2MDAwMDAwMDAwMDAsInJlYWQiOjMwMDAwMDAwMDAwMCwidXBkYXRlIjozNjAwMDAwMDAwMDAwfSwic2NoZW1hX3ZlcnNpb24iOiIxIn0=",
          "dependencies": [
            "module.resource_group.azurerm_resource_group.main"
          ]
        }
      ]
    },
    {
      "module": "module.chatbot_infra",
      "mode": "managed",
      "type": "azurerm_windows_web_app",
      "name": "main",
      "provider": "provider[\"registry.terraform.io/hashicorp/azurerm\"]",
      "instances": [
        {
          "schema_version": 1,
          "attributes": {
            "app_settings": {
              "KeyVaultUri": "https://kv-iac-gpt-chatbot-new.vault.azure.net/",
              "OpenAiApiKey": "",
              "OpenAiDeploymentName": "gpt35-turbo-deployment",
              "OpenAiEndpoint": "https://westus.api.cognitive.microsoft.com/",
              "SCM_DO_BUILD_DURING_DEPLOYMENT": "true",
              "WEBSITES_ENABLE_APP_SERVICE_STORAGE": "false"
            },
            "auth_settings": [],
            "auth_settings_v2": [],
            "backup": [],
            "client_affinity_enabled": false,
            "client_certificate_enabled": false,
            "client_certificate_exclusion_paths": "",
            "client_certificate_mode": "Required",
            "connection_string": [],
            "custom_domain_verification_id": "F2082DC74EFA513200621396C0BDD33D3B1D6AEF9ABB2D3B79C9EB17CCBEA848",
            "default_hostname": "bot-iac-gpt-chatbot-app.azurewebsites.net",
            "enabled": true,
            "ftp_publish_basic_authentication_enabled": true,
            "hosting_environment_id": "",
            "https_only": true,
            "id": "/subscriptions/3c42098f-375b-47ae-9727-1b0014b0d232/resourceGroups/rg-iac-gpt-chatbot-new/providers/Microsoft.Web/sites/bot-iac-gpt-chatbot-app",
            "identity": [
              {
                "identity_ids": null,
                "principal_id": "c4b9ecf8-e649-4ed8-96a5-a8fcfce41eb1",
                "tenant_id": "ff355289-721e-4dd7-a663-afec62ab9d54",
                "type": "SystemAssigned"
              }
            ],
            "key_vault_reference_identity_id": "SystemAssigned",
            "kind": "app",
            "location": "westus",
            "logs": [],
            "name": "bot-iac-gpt-chatbot-app",
            "outbound_ip_address_list": [
              "104.45.231.244",
              "23.99.66.110",
              "137.117.16.198",
              "104.40.59.38",
              "23.100.34.88",
              "104.40.81.14",
              "40.112.243.54"
            ],
            "outbound_ip_addresses": "104.45.231.244,23.99.66.110,137.117.16.198,104.40.59.38,23.100.34.88,104.40.81.14,40.112.243.54",
            "possible_outbound_ip_address_list": [
              "104.45.231.244",
              "23.99.66.110",
              "137.117.16.198",
              "104.40.59.38",
              "23.100.34.88",
              "104.40.81.14",
              "52.137.189.120",
              "104.40.48.42",
              "104.40.63.71",
              "104.40.92.138",
              "104.40.53.9",
              "23.101.205.4",
              "104.40.89.194",
              "23.100.44.42",
              "104.40.77.1",
              "23.101.202.141",
              "23.99.69.83",
              "104.40.84.253",
              "104.40.82.141",
              "23.100.36.113",
              "23.101.203.68",
              "137.117.13.177",
              "104.40.57.193",
              "104.40.49.42",
              "23.100.42.180",
              "104.40.49.141",
              "104.40.49.176",
              "104.45.232.236",
              "137.117.21.10",
              "104.40.48.210",
              "104.40.48.219",
              "40.112.243.54"
            ],
            "possible_outbound_ip_addresses": "104.45.231.244,23.99.66.110,137.117.16.198,104.40.59.38,23.100.34.88,104.40.81.14,52.137.189.120,104.40.48.42,104.40.63.71,104.40.92.138,104.40.53.9,23.101.205.4,104.40.89.194,23.100.44.42,104.40.77.1,23.101.202.141,23.99.69.83,104.40.84.253,104.40.82.141,23.100.36.113,23.101.203.68,137.117.13.177,104.40.57.193,104.40.49.42,23.100.42.180,104.40.49.141,104.40.49.176,104.45.232.236,137.117.21.10,104.40.48.210,104.40.48.219,40.112.243.54",
            "public_network_access_enabled": true,
            "resource_group_name": "rg-iac-gpt-chatbot-new",
            "service_plan_id": "/subscriptions/3c42098f-375b-47ae-9727-1b0014b0d232/resourceGroups/rg-iac-gpt-chatbot-new/providers/Microsoft.Web/serverFarms/bot-iac-gpt-chatbot-plan",
            "site_config": [
              {
                "always_on": true,
                "api_definition_url": "",
                "api_management_api_id": "",
                "app_command_line": "",
                "application_stack": [
                  {
                    "current_stack": "",
                    "docker_container_name": "",
                    "docker_container_registry": "",
                    "docker_container_tag": "",
                    "docker_image_name": "",
                    "docker_registry_password": "",
                    "docker_registry_url": "",
                    "docker_registry_username": "",
                    "dotnet_core_version": "",
                    "dotnet_version": "v4.0",
                    "java_container": "",
                    "java_container_version": "",
                    "java_embedded_server_enabled": false,
                    "java_version": "",
                    "node_version": "",
                    "php_version": "5.6",
                    "python": false,
                    "python_version": "",
                    "tomcat_version": ""
                  }
                ],
                "auto_heal_enabled": false,
                "auto_heal_setting": [],
                "container_registry_managed_identity_client_id": "",
                "container_registry_use_managed_identity": false,
                "cors": [],
                "default_documents": [
                  "Default.htm",
                  "Default.html",
                  "Default.asp",
                  "index.htm",
                  "index.html",
                  "iisstart.htm",
                  "default.aspx",
                  "index.php",
                  "hostingstart.html"
                ],
                "detailed_error_logging_enabled": false,
                "ftps_state": "Disabled",
                "handler_mapping": [],
                "health_check_eviction_time_in_min": 0,
                "health_check_path": "",
                "http2_enabled": false,
                "ip_restriction": [],
                "ip_restriction_default_action": "Allow",
                "linux_fx_version": "",
                "load_balancing_mode": "LeastRequests",
                "local_mysql_enabled": false,
                "managed_pipeline_mode": "Integrated",
                "minimum_tls_version": "1.2",
                "remote_debugging_enabled": false,
                "remote_debugging_version": "VS2022",
                "scm_ip_restriction": [],
                "scm_ip_restriction_default_action": "Allow",
                "scm_minimum_tls_version": "1.2",
                "scm_type": "None",
                "scm_use_main_ip_restriction": false,
                "use_32_bit_worker": true,
                "virtual_application": [],
                "vnet_route_all_enabled": false,
                "websockets_enabled": false,
                "windows_fx_version": "",
                "worker_count": 1
              }
            ],
            "site_credential": [
              {
                "name": "$bot-iac-gpt-chatbot-app",
                "password": "Kf2cjP31ZLTHsc63oMmbc9hEqQ8ijxbQxeG1w20iibKyptXNWDhBjTanH1tC"
              }
            ],
            "sticky_settings": [],
            "storage_account": [],
            "tags": {
              "environment": "dev",
              "project": "iac-gpt-chatbot"
            },
            "timeouts": null,
            "virtual_network_subnet_id": "",
            "webdeploy_publish_basic_authentication_enabled": true,
            "zip_deploy_file": ""
          },
          "sensitive_attributes": [
            [
              {
                "type": "get_attr",
                "value": "app_settings"
              },
              {
                "type": "index",
                "value": {
                  "value": "OpenAiApiKey",
                  "type": "string"
                }
              }
            ],
            [
              {
                "type": "get_attr",
                "value": "custom_domain_verification_id"
              }
            ],
            [
              {
                "type": "get_attr",
                "value": "site_config"
              },
              {
                "type": "index",
                "value": {
                  "value": 0,
                  "type": "number"
                }
              },
              {
                "type": "get_attr",
                "value": "application_stack"
              },
              {
                "type": "index",
                "value": {
                  "value": 0,
                  "type": "number"
                }
              },
              {
                "type": "get_attr",
                "value": "docker_registry_password"
              }
            ],
            [
              {
                "type": "get_attr",
                "value": "site_credential"
              }
            ]
          ],
          "identity_schema_version": 0,
          "private": "eyJlMmJmYjczMC1lY2FhLTExZTYtOGY4OC0zNDM2M2JjN2M0YzAiOnsiY3JlYXRlIjoxODAwMDAwMDAwMDAwLCJkZWxldGUiOjE4MDAwMDAwMDAwMDAsInJlYWQiOjMwMDAwMDAwMDAwMCwidXBkYXRlIjoxODAwMDAwMDAwMDAwfSwic2NoZW1hX3ZlcnNpb24iOiIxIn0=",
          "dependencies": [
            "module.chatbot_infra.azurerm_service_plan.main",
            "module.core_ai_services.azurerm_cognitive_account.openai",
            "module.resource_group.azurerm_resource_group.main",
            "module.security.azurerm_key_vault.main",
            "module.security.data.azurerm_client_config.current"
          ]
        }
      ]
    },
    {
      "module": "module.core_ai_services",
      "mode": "managed",
      "type": "azurerm_cognitive_account",
      "name": "openai",
      "provider": "provider[\"registry.terraform.io/hashicorp/azurerm\"]",
      "instances": [
        {
          "schema_version": 0,
          "attributes": {
            "custom_question_answering_search_service_id": "",
            "custom_question_answering_search_service_key": null,
            "custom_subdomain_name": "",
            "customer_managed_key": [],
            "dynamic_throttling_enabled": false,
            "endpoint": "https://westus.api.cognitive.microsoft.com/",
            "fqdns": [],
            "id": "/subscriptions/3c42098f-375b-47ae-9727-1b0014b0d232/resourceGroups/rg-iac-gpt-chatbot-new/providers/Microsoft.CognitiveServices/accounts/oai-iac-gpt-chatbot",
            "identity": [],
            "kind": "OpenAI",
            "local_auth_enabled": true,
            "location": "westus",
            "metrics_advisor_aad_client_id": "",
            "metrics_advisor_aad_tenant_id": "",
            "metrics_advisor_super_user_name": "",
            "metrics_advisor_website_name": "",
            "name": "oai-iac-gpt-chatbot",
            "network_acls": [],
            "outbound_network_access_restricted": false,
            "primary_access_key": "1a07b6cffd7143bc907d4c9e30fe4490",
            "public_network_access_enabled": true,
            "qna_runtime_endpoint": "",
            "resource_group_name": "rg-iac-gpt-chatbot-new",
            "secondary_access_key": "04d5280fb96e42f0a661cefe173f2142",
            "sku_name": "S0",
            "storage": [],
            "tags": {
              "environment": "dev",
              "project": "iac-gpt-chatbot"
            },
            "timeouts": null
          },
          "sensitive_attributes": [
            [
              {
                "type": "get_attr",
                "value": "custom_question_answering_search_service_key"
              }
            ],
            [
              {
                "type": "get_attr",
                "value": "primary_access_key"
              }
            ],
            [
              {
                "type": "get_attr",
                "value": "secondary_access_key"
              }
            ]
          ],
          "identity_schema_version": 0,
          "private": "eyJlMmJmYjczMC1lY2FhLTExZTYtOGY4OC0zNDM2M2JjN2M0YzAiOnsiY3JlYXRlIjoxODAwMDAwMDAwMDAwLCJkZWxldGUiOjE4MDAwMDAwMDAwMDAsInJlYWQiOjMwMDAwMDAwMDAwMCwidXBkYXRlIjoxODAwMDAwMDAwMDAwfX0=",
          "dependencies": [
            "module.resource_group.azurerm_resource_group.main"
          ]
        }
      ]
    },
    {
      "module": "module.core_ai_services",
      "mode": "managed",
      "type": "azurerm_cognitive_deployment",
      "name": "openai_model",
      "provider": "provider[\"registry.terraform.io/hashicorp/azurerm\"]",
      "instances": [
        {
          "schema_version": 0,
          "attributes": {
            "cognitive_account_id": "/subscriptions/3c42098f-375b-47ae-9727-1b0014b0d232/resourceGroups/rg-iac-gpt-chatbot-new/providers/Microsoft.CognitiveServices/accounts/oai-iac-gpt-chatbot",
            "id": "/subscriptions/3c42098f-375b-47ae-9727-1b0014b0d232/resourceGroups/rg-iac-gpt-chatbot-new/providers/Microsoft.CognitiveServices/accounts/oai-iac-gpt-chatbot/deployments/gpt35-turbo-deployment",
            "model": [
              {
                "format": "OpenAI",
                "name": "gpt-35-turbo",
                "version": "0125"
              }
            ],
            "name": "gpt35-turbo-deployment",
            "rai_policy_name": "",
            "scale": [
              {
                "capacity": 1,
                "family": "",
                "size": "",
                "tier": "",
                "type": "Standard"
              }
            ],
            "timeouts": null,
            "version_upgrade_option": "OnceNewDefaultVersionAvailable"
          },
          "sensitive_attributes": [],
          "identity_schema_version": 0,
          "private": "eyJlMmJmYjczMC1lY2FhLTExZTYtOGY4OC0zNDM2M2JjN2M0YzAiOnsiY3JlYXRlIjoxODAwMDAwMDAwMDAwLCJkZWxldGUiOjE4MDAwMDAwMDAwMDAsInJlYWQiOjMwMDAwMDAwMDAwMCwidXBkYXRlIjoxODAwMDAwMDAwMDAwfX0=",
          "dependencies": [
            "module.core_ai_services.azurerm_cognitive_account.openai",
            "module.resource_group.azurerm_resource_group.main"
          ]
        }
      ]
    },
    {
      "module": "module.knowledge_base",
      "mode": "managed",
      "type": "azurerm_search_service",
      "name": "main",
      "provider": "provider[\"registry.terraform.io/hashicorp/azurerm\"]",
      "instances": [
        {
          "schema_version": 0,
          "attributes": {
            "allowed_ips": [],
            "authentication_failure_mode": "",
            "customer_managed_key_enforcement_enabled": false,
            "hosting_mode": "default",
            "id": "/subscriptions/3c42098f-375b-47ae-9727-1b0014b0d232/resourceGroups/rg-iac-gpt-chatbot-new/providers/Microsoft.Search/searchServices/cs-iac-gpt-chatbot",
            "identity": [],
            "local_authentication_enabled": true,
            "location": "westus",
            "name": "cs-iac-gpt-chatbot",
            "partition_count": 1,
            "primary_key": "Tts3o1cvYq6KpVub5Tl18YV9ky7nSDod2ATtl6G2CqAzSeC5ANXF",
            "public_network_access_enabled": true,
            "query_keys": [
              {
                "key": "qwIILsYuetzbMmQvC03sGuaclB7ZYCVuSexQs7c15dAzSeAuMgYY",
                "name": ""
              }
            ],
            "replica_count": 1,
            "resource_group_name": "rg-iac-gpt-chatbot-new",
            "secondary_key": "A30CIBuYXtT7bEAS0f4lPvjrWdkmcIPxDZUV5pL4r3AzSeBQW6B6",
            "semantic_search_sku": "",
            "sku": "basic",
            "tags": {
              "environment": "dev",
              "project": "iac-gpt-chatbot"
            },
            "timeouts": null
          },
          "sensitive_attributes": [
            [
              {
                "type": "get_attr",
                "value": "primary_key"
              }
            ],
            [
              {
                "type": "get_attr",
                "value": "secondary_key"
              }
            ]
          ],
          "identity_schema_version": 0,
          "private": "eyJlMmJmYjczMC1lY2FhLTExZTYtOGY4OC0zNDM2M2JjN2M0YzAiOnsiY3JlYXRlIjozNjAwMDAwMDAwMDAwLCJkZWxldGUiOjM2MDAwMDAwMDAwMDAsInJlYWQiOjMwMDAwMDAwMDAwMCwidXBkYXRlIjozNjAwMDAwMDAwMDAwfX0=",
          "dependencies": [
            "module.resource_group.azurerm_resource_group.main"
          ]
        }
      ]
    },
    {
      "module": "module.knowledge_base",
      "mode": "managed",
      "type": "azurerm_storage_account",
      "name": "main",
      "provider": "provider[\"registry.terraform.io/hashicorp/azurerm\"]",
      "instances": [
        {
          "schema_version": 4,
          "attributes": {
            "access_tier": "Hot",
            "account_kind": "StorageV2",
            "account_replication_type": "LRS",
            "account_tier": "Standard",
            "allow_nested_items_to_be_public": false,
            "allowed_copy_scope": "",
            "azure_files_authentication": [],
            "blob_properties": [
              {
                "change_feed_enabled": false,
                "change_feed_retention_in_days": 0,
                "container_delete_retention_policy": [],
                "cors_rule": [],
                "default_service_version": "",
                "delete_retention_policy": [],
                "last_access_time_enabled": false,
                "restore_policy": [],
                "versioning_enabled": false
              }
            ],
            "cross_tenant_replication_enabled": true,
            "custom_domain": [],
            "customer_managed_key": [],
            "default_to_oauth_authentication": false,
            "dns_endpoint_type": "Standard",
            "edge_zone": "",
            "enable_https_traffic_only": true,
            "https_traffic_only_enabled": true,
            "id": "/subscriptions/3c42098f-375b-47ae-9727-1b0014b0d232/resourceGroups/rg-iac-gpt-chatbot-new/providers/Microsoft.Storage/storageAccounts/saiacgptchatbot",
            "identity": [],
            "immutability_policy": [],
            "infrastructure_encryption_enabled": false,
            "is_hns_enabled": false,
            "large_file_share_enabled": false,
            "local_user_enabled": true,
            "location": "westus",
            "min_tls_version": "TLS1_2",
            "name": "saiacgptchatbot",
            "network_rules": [],
            "nfsv3_enabled": false,
            "primary_access_key": "IgGdqqvCR/u4K0c9VZchG7r+atdcaBc/Mg1hOQCplqb8g34zfWuP11x1NpAqaICWyUCCn35iidvL+AStejhNaQ==",
            "primary_blob_connection_string": "DefaultEndpointsProtocol=https;BlobEndpoint=https://saiacgptchatbot.blob.core.windows.net/;AccountName=saiacgptchatbot;AccountKey=IgGdqqvCR/u4K0c9VZchG7r+atdcaBc/Mg1hOQCplqb8g34zfWuP11x1NpAqaICWyUCCn35iidvL+AStejhNaQ==",
            "primary_blob_endpoint": "https://saiacgptchatbot.blob.core.windows.net/",
            "primary_blob_host": "saiacgptchatbot.blob.core.windows.net",
            "primary_blob_internet_endpoint": "",
            "primary_blob_internet_host": "",
            "primary_blob_microsoft_endpoint": "",
            "primary_blob_microsoft_host": "",
            "primary_connection_string": "DefaultEndpointsProtocol=https;AccountName=saiacgptchatbot;AccountKey=IgGdqqvCR/u4K0c9VZchG7r+atdcaBc/Mg1hOQCplqb8g34zfWuP11x1NpAqaICWyUCCn35iidvL+AStejhNaQ==;EndpointSuffix=core.windows.net",
            "primary_dfs_endpoint": "https://saiacgptchatbot.dfs.core.windows.net/",
            "primary_dfs_host": "saiacgptchatbot.dfs.core.windows.net",
            "primary_dfs_internet_endpoint": "",
            "primary_dfs_internet_host": "",
            "primary_dfs_microsoft_endpoint": "",
            "primary_dfs_microsoft_host": "",
            "primary_file_endpoint": "https://saiacgptchatbot.file.core.windows.net/",
            "primary_file_host": "saiacgptchatbot.file.core.windows.net",
            "primary_file_internet_endpoint": "",
            "primary_file_internet_host": "",
            "primary_file_microsoft_endpoint": "",
            "primary_file_microsoft_host": "",
            "primary_location": "westus",
            "primary_queue_endpoint": "https://saiacgptchatbot.queue.core.windows.net/",
            "primary_queue_host": "saiacgptchatbot.queue.core.windows.net",
            "primary_queue_microsoft_endpoint": "",
            "primary_queue_microsoft_host": "",
            "primary_table_endpoint": "https://saiacgptchatbot.table.core.windows.net/",
            "primary_table_host": "saiacgptchatbot.table.core.windows.net",
            "primary_table_microsoft_endpoint": "",
            "primary_table_microsoft_host": "",
            "primary_web_endpoint": "https://saiacgptchatbot.z22.web.core.windows.net/",
            "primary_web_host": "saiacgptchatbot.z22.web.core.windows.net",
            "primary_web_internet_endpoint": "",
            "primary_web_internet_host": "",
            "primary_web_microsoft_endpoint": "",
            "primary_web_microsoft_host": "",
            "public_network_access_enabled": true,
            "queue_encryption_key_type": "Service",
            "queue_properties": [
              {
                "cors_rule": [],
                "hour_metrics": [
                  {
                    "enabled": false,
                    "include_apis": false,
                    "retention_policy_days": 0,
                    "version": "1.0"
                  }
                ],
                "logging": [
                  {
                    "delete": false,
                    "read": false,
                    "retention_policy_days": 0,
                    "version": "1.0",
                    "write": false
                  }
                ],
                "minute_metrics": [
                  {
                    "enabled": false,
                    "include_apis": false,
                    "retention_policy_days": 0,
                    "version": "1.0"
                  }
                ]
              }
            ],
            "resource_group_name": "rg-iac-gpt-chatbot-new",
            "routing": [],
            "sas_policy": [],
            "secondary_access_key": "cvUfG+iPPFTOE0yw0bkMFQx67s4dDotfOy0nfuLM1mepkJ0lyKN5B4l8Rr2jiPhL4K4Tv1kCpsXo+AStwULDpQ==",
            "secondary_blob_connection_string": "",
            "secondary_blob_endpoint": "",
            "secondary_blob_host": "",
            "secondary_blob_internet_endpoint": "",
            "secondary_blob_internet_host": "",
            "secondary_blob_microsoft_endpoint": "",
            "secondary_blob_microsoft_host": "",
            "secondary_connection_string": "DefaultEndpointsProtocol=https;AccountName=saiacgptchatbot;AccountKey=cvUfG+iPPFTOE0yw0bkMFQx67s4dDotfOy0nfuLM1mepkJ0lyKN5B4l8Rr2jiPhL4K4Tv1kCpsXo+AStwULDpQ==;EndpointSuffix=core.windows.net",
            "secondary_dfs_endpoint": "",
            "secondary_dfs_host": "",
            "secondary_dfs_internet_endpoint": "",
            "secondary_dfs_internet_host": "",
            "secondary_dfs_microsoft_endpoint": "",
            "secondary_dfs_microsoft_host": "",
            "secondary_file_endpoint": "",
            "secondary_file_host": "",
            "secondary_file_internet_endpoint": "",
            "secondary_file_internet_host": "",
            "secondary_file_microsoft_endpoint": "",
            "secondary_file_microsoft_host": "",
            "secondary_location": "",
            "secondary_queue_endpoint": "",
            "secondary_queue_host": "",
            "secondary_queue_microsoft_endpoint": "",
            "secondary_queue_microsoft_host": "",
            "secondary_table_endpoint": "",
            "secondary_table_host": "",
            "secondary_table_microsoft_endpoint": "",
            "secondary_table_microsoft_host": "",
            "secondary_web_endpoint": "",
            "secondary_web_host": "",
            "secondary_web_internet_endpoint": "",
            "secondary_web_internet_host": "",
            "secondary_web_microsoft_endpoint": "",
            "secondary_web_microsoft_host": "",
            "sftp_enabled": false,
            "share_properties": [
              {
                "cors_rule": [],
                "retention_policy": [
                  {
                    "days": 7
                  }
                ],
                "smb": []
              }
            ],
            "shared_access_key_enabled": true,
            "static_website": [],
            "table_encryption_key_type": "Service",
            "tags": {
              "environment": "dev",
              "project": "iac-gpt-chatbot"
            },
            "timeouts": null
          },
          "sensitive_attributes": [
            [
              {
                "type": "get_attr",
                "value": "primary_access_key"
              }
            ],
            [
              {
                "type": "get_attr",
                "value": "primary_blob_connection_string"
              }
            ],
            [
              {
                "type": "get_attr",
                "value": "primary_connection_string"
              }
            ],
            [
              {
                "type": "get_attr",
                "value": "secondary_access_key"
              }
            ],
            [
              {
                "type": "get_attr",
                "value": "secondary_blob_connection_string"
              }
            ],
            [
              {
                "type": "get_attr",
                "value": "secondary_connection_string"
              }
            ]
          ],
          "identity_schema_version": 0,
          "private": "eyJlMmJmYjczMC1lY2FhLTExZTYtOGY4OC0zNDM2M2JjN2M0YzAiOnsiY3JlYXRlIjozNjAwMDAwMDAwMDAwLCJkZWxldGUiOjM2MDAwMDAwMDAwMDAsInJlYWQiOjMwMDAwMDAwMDAwMCwidXBkYXRlIjozNjAwMDAwMDAwMDAwfSwic2NoZW1hX3ZlcnNpb24iOiI0In0=",
          "dependencies": [
            "module.resource_group.azurerm_resource_group.main"
          ]
        }
      ]
    },
    {
      "module": "module.resource_group",
      "mode": "managed",
      "type": "azurerm_resource_group",
      "name": "main",
      "provider": "provider[\"registry.terraform.io/hashicorp/azurerm\"]",
      "instances": [
        {
          "schema_version": 0,
          "attributes": {
            "id": "/subscriptions/3c42098f-375b-47ae-9727-1b0014b0d232/resourceGroups/rg-iac-gpt-chatbot-new",
            "location": "westus",
            "managed_by": "",
            "name": "rg-iac-gpt-chatbot-new",
            "tags": {
              "environment": "dev",
              "project": "iac-gpt-chatbot"
            },
            "timeouts": null
          },
          "sensitive_attributes": [],
          "identity_schema_version": 0,
          "private": "eyJlMmJmYjczMC1lY2FhLTExZTYtOGY4OC0zNDM2M2JjN2M0YzAiOnsiY3JlYXRlIjo1NDAwMDAwMDAwMDAwLCJkZWxldGUiOjU0MDAwMDAwMDAwMDAsInJlYWQiOjMwMDAwMDAwMDAwMCwidXBkYXRlIjo1NDAwMDAwMDAwMDAwfX0="
        }
      ]
    },
    {
      "module": "module.security",
      "mode": "data",
      "type": "azurerm_client_config",
      "name": "current",
      "provider": "provider[\"registry.terraform.io/hashicorp/azurerm\"]",
      "instances": [
        {
          "schema_version": 0,
          "attributes": {
            "client_id": "04b07795-8ddb-461a-bbee-02f9e1bf7b46",
            "id": "Y2xpZW50Q29uZmlncy9jbGllbnRJZD0wNGIwNzc5NS04ZGRiLTQ2MWEtYmJlZS0wMmY5ZTFiZjdiNDY7b2JqZWN0SWQ9OTQ0NTJiZGUtYTRhOC00OTY4LTk5OTgtMWI3MDUwNzA2MTk5O3N1YnNjcmlwdGlvbklkPTNjNDIwOThmLTM3NWItNDdhZS05NzI3LTFiMDAxNGIwZDIzMjt0ZW5hbnRJZD1mZjM1NTI4OS03MjFlLTRkZDctYTY2My1hZmVjNjJhYjlkNTQ=",
            "object_id": "94452bde-a4a8-4968-9998-1b7050706199",
            "subscription_id": "3c42098f-375b-47ae-9727-1b0014b0d232",
            "tenant_id": "ff355289-721e-4dd7-a663-afec62ab9d54",
            "timeouts": null
          },
          "sensitive_attributes": [],
          "identity_schema_version": 0
        }
      ]
    },
    {
      "module": "module.security",
      "mode": "managed",
      "type": "azurerm_key_vault",
      "name": "main",
      "provider": "provider[\"registry.terraform.io/hashicorp/azurerm\"]",
      "instances": [
        {
          "schema_version": 2,
          "attributes": {
            "access_policy": [
              {
                "application_id": "",
                "certificate_permissions": [
                  "Get",
                  "List",
                  "Create",
                  "Delete",
                  "Purge",
                  "Recover",
                  "Backup",
                  "Restore"
                ],
                "key_permissions": [
                  "Get",
                  "List",
                  "Create",
                  "Delete",
                  "Purge",
                  "Recover",
                  "Backup",
                  "Restore"
                ],
                "object_id": "94452bde-a4a8-4968-9998-1b7050706199",
                "secret_permissions": [
                  "Get",
                  "List",
                  "Set",
                  "Delete",
                  "Purge",
                  "Recover",
                  "Backup",
                  "Restore"
                ],
                "storage_permissions": null,
                "tenant_id": "ff355289-721e-4dd7-a663-afec62ab9d54"
              }
            ],
            "contact": [],
            "enable_rbac_authorization": false,
            "enabled_for_deployment": false,
            "enabled_for_disk_encryption": false,
            "enabled_for_template_deployment": false,
            "id": "/subscriptions/3c42098f-375b-47ae-9727-1b0014b0d232/resourceGroups/rg-iac-gpt-chatbot-new/providers/Microsoft.KeyVault/vaults/kv-iac-gpt-chatbot-new",
            "location": "westus",
            "name": "kv-iac-gpt-chatbot-new",
            "network_acls": [
              {
                "bypass": "AzureServices",
                "default_action": "Allow",
                "ip_rules": [],
                "virtual_network_subnet_ids": []
              }
            ],
            "public_network_access_enabled": true,
            "purge_protection_enabled": false,
            "resource_group_name": "rg-iac-gpt-chatbot-new",
            "sku_name": "standard",
            "soft_delete_retention_days": 7,
            "tags": {
              "environment": "dev",
              "project": "iac-gpt-chatbot"
            },
            "tenant_id": "ff355289-721e-4dd7-a663-afec62ab9d54",
            "timeouts": null,
            "vault_uri": "https://kv-iac-gpt-chatbot-new.vault.azure.net/"
          },
          "sensitive_attributes": [],
          "identity_schema_version": 0,
          "private": "eyJlMmJmYjczMC1lY2FhLTExZTYtOGY4OC0zNDM2M2JjN2M0YzAiOnsiY3JlYXRlIjoxODAwMDAwMDAwMDAwLCJkZWxldGUiOjE4MDAwMDAwMDAwMDAsInJlYWQiOjMwMDAwMDAwMDAwMCwidXBkYXRlIjoxODAwMDAwMDAwMDAwfSwic2NoZW1hX3ZlcnNpb24iOiIyIn0=",
          "dependencies": [
            "module.resource_group.azurerm_resource_group.main",
            "module.security.data.azurerm_client_config.current"
          ]
        }
      ]
    }
  ],
  "check_results": null
}
